
Microsoft Visual Studio Solution File, Format Version 12.00
# Visual Studio Version 16
VisualStudioVersion = 16.0.31205.134
MinimumVisualStudioVersion = 10.0.40219.1
Project("{FAE04EC0-301F-11D3-BF4B-00C04F79EFBC}") = "TicketingReservationSys", "TicketingReservationSys\TicketingReservationSys.csproj", "{213AF33B-A417-48E6-8F59-4B37A433631E}"
EndProject
Global
	GlobalSection(SolutionConfigurationPlatforms) = preSolution
		Debug|Any CPU = Debug|Any CPU
		Release|Any CPU = Release|Any CPU
	EndGlobalSection
	GlobalSection(ProjectConfigurationPlatforms) = postSolution
		{213AF33B-A417-48E6-8F59-4B37A433631E}.Debug|Any CPU.ActiveCfg = Debug|Any CPU
		{213AF33B-A417-48E6-8F59-4B37A433631E}.Debug|Any CPU.Build.0 = Debug|Any CPU
		{213AF33B-A417-48E6-8F59-4B37A433631E}.Release|Any CPU.ActiveCfg = Release|Any CPU
		{213AF33B-A417-48E6-8F59-4B37A433631E}.Release|Any CPU.Build.0 = Release|Any CPU
	EndGlobalSection
	GlobalSection(SolutionProperties) = preSolution
		HideSolutionNode = FALSE
	EndGlobalSection
	GlobalSection(ExtensibilityGlobals) = postSolution
		SolutionGuid = {92E5A36D-B5F3-4117-A5C5-DA8FF1BB7665}
	EndGlobalSection
EndGlobal
